
Microsoft Visual Studio Solution File, Format Version 12.00
# Visual Studio Version 17
VisualStudioVersion = 17.3.32929.385
MinimumVisualStudioVersion = 10.0.40219.1
Project("{FAE04EC0-301F-11D3-BF4B-00C04F79EFBC}") = "MaskandValidation", "MaskandValidation\MaskandValidation.csproj", "{E9EB1687-B940-4D12-BD6E-9112C6F21250}"
EndProject
Global
	GlobalSection(SolutionConfigurationPlatforms) = preSolution
		Debug|Any CPU = Debug|Any CPU
		Release|Any CPU = Release|Any CPU
	EndGlobalSection
	GlobalSection(ProjectConfigurationPlatforms) = postSolution
		{E9EB1687-B940-4D12-BD6E-9112C6F21250}.Debug|Any CPU.ActiveCfg = Debug|Any CPU
		{E9EB1687-B940-4D12-BD6E-9112C6F21250}.Debug|Any CPU.Build.0 = Debug|Any CPU
		{E9EB1687-B940-4D12-BD6E-9112C6F21250}.Release|Any CPU.ActiveCfg = Release|Any CPU
		{E9EB1687-B940-4D12-BD6E-9112C6F21250}.Release|Any CPU.Build.0 = Release|Any CPU
	EndGlobalSection
	GlobalSection(SolutionProperties) = preSolution
		HideSolutionNode = FALSE
	EndGlobalSection
	GlobalSection(ExtensibilityGlobals) = postSolution
		SolutionGuid = {0ADC2012-A5B4-446A-85B9-36B87F19B2BC}
	EndGlobalSection
EndGlobal
